
Microsoft Visual Studio Solution File, Format Version 12.00
# Visual Studio 15
VisualStudioVersion = 15.0.28307.1913
MinimumVisualStudioVersion = 10.0.40219.1
Project("{FAE04EC0-301F-11D3-BF4B-00C04F79EFBC}") = "ConsoleApp1", "ConsoleApp1\ConsoleApp1.csproj", "{D68914FE-57B5-487C-8A35-A44327E44D90}"
EndProject
Global
	GlobalSection(SolutionConfigurationPlatforms) = preSolution
		Debug|Any CPU = Debug|Any CPU
		Release|Any CPU = Release|Any CPU
	EndGlobalSection
	GlobalSection(ProjectConfigurationPlatforms) = postSolution
		{D68914FE-57B5-487C-8A35-A44327E44D90}.Debug|Any CPU.ActiveCfg = Debug|Any CPU
		{D68914FE-57B5-487C-8A35-A44327E44D90}.Debug|Any CPU.Build.0 = Debug|Any CPU
		{D68914FE-57B5-487C-8A35-A44327E44D90}.Release|Any CPU.ActiveCfg = Release|Any CPU
		{D68914FE-57B5-487C-8A35-A44327E44D90}.Release|Any CPU.Build.0 = Release|Any CPU
	EndGlobalSection
	GlobalSection(SolutionProperties) = preSolution
		HideSolutionNode = FALSE
	EndGlobalSection
	GlobalSection(ExtensibilityGlobals) = postSolution
		SolutionGuid = {8EFAF7EB-CEFB-45CD-A8FB-DDB87F176854}
	EndGlobalSection
EndGlobal
